
Microsoft Visual Studio Solution File, Format Version 12.00
# Visual Studio 15
VisualStudioVersion = 15.0.27428.2015
MinimumVisualStudioVersion = 10.0.40219.1
Project("{FAE04EC0-301F-11D3-BF4B-00C04F79EFBC}") = "Auditor", "Auditor\Auditor.csproj", "{C74A9CA3-7C16-426C-922E-C75A16DBD585}"
EndProject
Project("{FAE04EC0-301F-11D3-BF4B-00C04F79EFBC}") = "Test", "Test\Test.csproj", "{6F11268E-7602-4852-8EBC-3D25ECC907DE}"
EndProject
Global
	GlobalSection(SolutionConfigurationPlatforms) = preSolution
		Debug|Any CPU = Debug|Any CPU
		Release|Any CPU = Release|Any CPU
	EndGlobalSection
	GlobalSection(ProjectConfigurationPlatforms) = postSolution
		{C74A9CA3-7C16-426C-922E-C75A16DBD585}.Debug|Any CPU.ActiveCfg = Debug|Any CPU
		{C74A9CA3-7C16-426C-922E-C75A16DBD585}.Debug|Any CPU.Build.0 = Debug|Any CPU
		{C74A9CA3-7C16-426C-922E-C75A16DBD585}.Release|Any CPU.ActiveCfg = Release|Any CPU
		{C74A9CA3-7C16-426C-922E-C75A16DBD585}.Release|Any CPU.Build.0 = Release|Any CPU
		{6F11268E-7602-4852-8EBC-3D25ECC907DE}.Debug|Any CPU.ActiveCfg = Debug|Any CPU
		{6F11268E-7602-4852-8EBC-3D25ECC907DE}.Debug|Any CPU.Build.0 = Debug|Any CPU
		{6F11268E-7602-4852-8EBC-3D25ECC907DE}.Release|Any CPU.ActiveCfg = Release|Any CPU
		{6F11268E-7602-4852-8EBC-3D25ECC907DE}.Release|Any CPU.Build.0 = Release|Any CPU
	EndGlobalSection
	GlobalSection(SolutionProperties) = preSolution
		HideSolutionNode = FALSE
	EndGlobalSection
	GlobalSection(ExtensibilityGlobals) = postSolution
		SolutionGuid = {A8C624FB-4185-4F50-9B20-59A63E6AE999}
	EndGlobalSection
EndGlobal
